
Microsoft Visual Studio Solution File, Format Version 12.00
# Visual Studio Version 17
VisualStudioVersion = 17.7.34024.191
MinimumVisualStudioVersion = 10.0.40219.1
Project("{9A19103F-16F7-4668-BE54-9A1E7A4F7556}") = "WebPageUnderTheHood", "WebPageUnderTheHood\WebPageUnderTheHood.csproj", "{875455BB-F4E8-4522-9D54-128F5808EB3B}"
EndProject
Project("{FAE04EC0-301F-11D3-BF4B-00C04F79EFBC}") = "WebApi", "WebApi\WebApi.csproj", "{7C9F29FF-8D49-4A7F-96E1-73A08C04115B}"
EndProject
Global
	GlobalSection(SolutionConfigurationPlatforms) = preSolution
		Debug|Any CPU = Debug|Any CPU
		Release|Any CPU = Release|Any CPU
	EndGlobalSection
	GlobalSection(ProjectConfigurationPlatforms) = postSolution
		{875455BB-F4E8-4522-9D54-128F5808EB3B}.Debug|Any CPU.ActiveCfg = Debug|Any CPU
		{875455BB-F4E8-4522-9D54-128F5808EB3B}.Debug|Any CPU.Build.0 = Debug|Any CPU
		{875455BB-F4E8-4522-9D54-128F5808EB3B}.Release|Any CPU.ActiveCfg = Release|Any CPU
		{875455BB-F4E8-4522-9D54-128F5808EB3B}.Release|Any CPU.Build.0 = Release|Any CPU
		{7C9F29FF-8D49-4A7F-96E1-73A08C04115B}.Debug|Any CPU.ActiveCfg = Debug|Any CPU
		{7C9F29FF-8D49-4A7F-96E1-73A08C04115B}.Debug|Any CPU.Build.0 = Debug|Any CPU
		{7C9F29FF-8D49-4A7F-96E1-73A08C04115B}.Release|Any CPU.ActiveCfg = Release|Any CPU
		{7C9F29FF-8D49-4A7F-96E1-73A08C04115B}.Release|Any CPU.Build.0 = Release|Any CPU
	EndGlobalSection
	GlobalSection(SolutionProperties) = preSolution
		HideSolutionNode = FALSE
	EndGlobalSection
	GlobalSection(ExtensibilityGlobals) = postSolution
		SolutionGuid = {68B14CEB-CAF5-4F5E-A84F-89B0E9CCCBB0}
	EndGlobalSection
EndGlobal
